
Microsoft Visual Studio Solution File, Format Version 12.00
# Visual Studio 15
VisualStudioVersion = 15.0.28010.2026
MinimumVisualStudioVersion = 10.0.40219.1
Project("{9A19103F-16F7-4668-BE54-9A1E7A4F7556}") = "SalesForceRestExtract", "SalesForceRestExtract\SalesForceRestExtract.csproj", "{3AFF2902-8E86-4F74-AB42-2AF54019E03E}"
EndProject
Project("{9A19103F-16F7-4668-BE54-9A1E7A4F7556}") = "SalesForceRestExtractPasswordGenerator", "SalesForceRestExtractPasswordGenerator\SalesForceRestExtractPasswordGenerator.csproj", "{8D694D43-AA8D-4018-9259-DFE759D0C083}"
EndProject
Global
	GlobalSection(SolutionConfigurationPlatforms) = preSolution
		Debug|Any CPU = Debug|Any CPU
		Release|Any CPU = Release|Any CPU
	EndGlobalSection
	GlobalSection(ProjectConfigurationPlatforms) = postSolution
		{3AFF2902-8E86-4F74-AB42-2AF54019E03E}.Debug|Any CPU.ActiveCfg = Debug|Any CPU
		{3AFF2902-8E86-4F74-AB42-2AF54019E03E}.Debug|Any CPU.Build.0 = Debug|Any CPU
		{3AFF2902-8E86-4F74-AB42-2AF54019E03E}.Release|Any CPU.ActiveCfg = Release|Any CPU
		{3AFF2902-8E86-4F74-AB42-2AF54019E03E}.Release|Any CPU.Build.0 = Release|Any CPU
		{8D694D43-AA8D-4018-9259-DFE759D0C083}.Debug|Any CPU.ActiveCfg = Debug|Any CPU
		{8D694D43-AA8D-4018-9259-DFE759D0C083}.Debug|Any CPU.Build.0 = Debug|Any CPU
		{8D694D43-AA8D-4018-9259-DFE759D0C083}.Release|Any CPU.ActiveCfg = Release|Any CPU
		{8D694D43-AA8D-4018-9259-DFE759D0C083}.Release|Any CPU.Build.0 = Release|Any CPU
	EndGlobalSection
	GlobalSection(SolutionProperties) = preSolution
		HideSolutionNode = FALSE
	EndGlobalSection
	GlobalSection(ExtensibilityGlobals) = postSolution
		SolutionGuid = {0BB74D3A-E906-44CA-9143-7F92FAFD2F50}
	EndGlobalSection
EndGlobal
