
Microsoft Visual Studio Solution File, Format Version 12.00
# Visual Studio 15
VisualStudioVersion = 15.0.28010.2026
MinimumVisualStudioVersion = 10.0.40219.1
Project("{9A19103F-16F7-4668-BE54-9A1E7A4F7556}") = "SalesForceRestExtract", "SalesForceRestExtract.csproj", "{CB5F5549-0767-4C05-B546-08396429E449}"
EndProject
Project("{FAE04EC0-301F-11D3-BF4B-00C04F79EFBC}") = "SalesForceRestExtractPasswordGenerator", "..\SalesForceRestExtractPasswordGenerator\SalesForceRestExtractPasswordGenerator.csproj", "{74DE3D9B-0AE6-4BA7-BABC-0577EF397424}"
EndProject
Global
	GlobalSection(SolutionConfigurationPlatforms) = preSolution
		Debug|Any CPU = Debug|Any CPU
		Release|Any CPU = Release|Any CPU
	EndGlobalSection
	GlobalSection(ProjectConfigurationPlatforms) = postSolution
		{CB5F5549-0767-4C05-B546-08396429E449}.Debug|Any CPU.ActiveCfg = Debug|Any CPU
		{CB5F5549-0767-4C05-B546-08396429E449}.Debug|Any CPU.Build.0 = Debug|Any CPU
		{CB5F5549-0767-4C05-B546-08396429E449}.Release|Any CPU.ActiveCfg = Release|Any CPU
		{CB5F5549-0767-4C05-B546-08396429E449}.Release|Any CPU.Build.0 = Release|Any CPU
		{74DE3D9B-0AE6-4BA7-BABC-0577EF397424}.Debug|Any CPU.ActiveCfg = Debug|Any CPU
		{74DE3D9B-0AE6-4BA7-BABC-0577EF397424}.Debug|Any CPU.Build.0 = Debug|Any CPU
		{74DE3D9B-0AE6-4BA7-BABC-0577EF397424}.Release|Any CPU.ActiveCfg = Release|Any CPU
		{74DE3D9B-0AE6-4BA7-BABC-0577EF397424}.Release|Any CPU.Build.0 = Release|Any CPU
	EndGlobalSection
	GlobalSection(SolutionProperties) = preSolution
		HideSolutionNode = FALSE
	EndGlobalSection
	GlobalSection(ExtensibilityGlobals) = postSolution
		SolutionGuid = {0BB74D3A-E906-44CA-9143-7F92FAFD2F50}
	EndGlobalSection
EndGlobal
